# This file is generated by running "yarn install" inside your project.
# Manual changes might be lost - proceed with caution!

__metadata:
  version: 6
  cacheKey: 10

"@babel/runtime@npm:^7.5.5":
  version: 7.27.6
  resolution: "@babel/runtime@npm:7.27.6"
  checksum: cc957a12ba3781241b83d528eb69ddeb86ca5ac43179a825e83aa81263a6b3eb88c57bed8a937cdeacfc3192e07ec24c73acdfea4507d0c0428c8e23d6322bfe
  languageName: node
  linkType: hard

"@biomejs/biome@npm:^2.1.4":
  version: 2.1.4
  resolution: "@biomejs/biome@npm:2.1.4"
  dependencies:
    "@biomejs/cli-darwin-arm64": "npm:2.1.4"
    "@biomejs/cli-darwin-x64": "npm:2.1.4"
    "@biomejs/cli-linux-arm64": "npm:2.1.4"
    "@biomejs/cli-linux-arm64-musl": "npm:2.1.4"
    "@biomejs/cli-linux-x64": "npm:2.1.4"
    "@biomejs/cli-linux-x64-musl": "npm:2.1.4"
    "@biomejs/cli-win32-arm64": "npm:2.1.4"
    "@biomejs/cli-win32-x64": "npm:2.1.4"
  dependenciesMeta:
    "@biomejs/cli-darwin-arm64":
      optional: true
    "@biomejs/cli-darwin-x64":
      optional: true
    "@biomejs/cli-linux-arm64":
      optional: true
    "@biomejs/cli-linux-arm64-musl":
      optional: true
    "@biomejs/cli-linux-x64":
      optional: true
    "@biomejs/cli-linux-x64-musl":
      optional: true
    "@biomejs/cli-win32-arm64":
      optional: true
    "@biomejs/cli-win32-x64":
      optional: true
  bin:
    biome: bin/biome
  checksum: 6b29029d7c9d6042fe57b478ce9db89eb0a00b9604a39259026828bc10ba7c39ac47f73cf642ae1620e4468ac1d6de7beae244cb12fc0934f8b9e4b0e60545a7
  languageName: node
  linkType: hard

"@biomejs/cli-darwin-arm64@npm:2.1.4":
  version: 2.1.4
  resolution: "@biomejs/cli-darwin-arm64@npm:2.1.4"
  conditions: os=darwin & cpu=arm64
  languageName: node
  linkType: hard

"@biomejs/cli-darwin-x64@npm:2.1.4":
  version: 2.1.4
  resolution: "@biomejs/cli-darwin-x64@npm:2.1.4"
  conditions: os=darwin & cpu=x64
  languageName: node
  linkType: hard

"@biomejs/cli-linux-arm64-musl@npm:2.1.4":
  version: 2.1.4
  resolution: "@biomejs/cli-linux-arm64-musl@npm:2.1.4"
  conditions: os=linux & cpu=arm64 & libc=musl
  languageName: node
  linkType: hard

"@biomejs/cli-linux-arm64@npm:2.1.4":
  version: 2.1.4
  resolution: "@biomejs/cli-linux-arm64@npm:2.1.4"
  conditions: os=linux & cpu=arm64 & libc=glibc
  languageName: node
  linkType: hard

"@biomejs/cli-linux-x64-musl@npm:2.1.4":
  version: 2.1.4
  resolution: "@biomejs/cli-linux-x64-musl@npm:2.1.4"
  conditions: os=linux & cpu=x64 & libc=musl
  languageName: node
  linkType: hard

"@biomejs/cli-linux-x64@npm:2.1.4":
  version: 2.1.4
  resolution: "@biomejs/cli-linux-x64@npm:2.1.4"
  conditions: os=linux & cpu=x64 & libc=glibc
  languageName: node
  linkType: hard

"@biomejs/cli-win32-arm64@npm:2.1.4":
  version: 2.1.4
  resolution: "@biomejs/cli-win32-arm64@npm:2.1.4"
  conditions: os=win32 & cpu=arm64
  languageName: node
  linkType: hard

"@biomejs/cli-win32-x64@npm:2.1.4":
  version: 2.1.4
  resolution: "@biomejs/cli-win32-x64@npm:2.1.4"
  conditions: os=win32 & cpu=x64
  languageName: node
  linkType: hard

"@changesets/apply-release-plan@npm:^7.0.13":
  version: 7.0.13
  resolution: "@changesets/apply-release-plan@npm:7.0.13"
  dependencies:
    "@changesets/config": "npm:^3.1.1"
    "@changesets/get-version-range-type": "npm:^0.4.0"
    "@changesets/git": "npm:^3.0.4"
    "@changesets/should-skip-package": "npm:^0.1.2"
    "@changesets/types": "npm:^6.1.0"
    "@manypkg/get-packages": "npm:^1.1.3"
    detect-indent: "npm:^6.0.0"
    fs-extra: "npm:^7.0.1"
    lodash.startcase: "npm:^4.4.0"
    outdent: "npm:^0.5.0"
    prettier: "npm:^2.7.1"
    resolve-from: "npm:^5.0.0"
    semver: "npm:^7.5.3"
  checksum: b2ef4fc9a68ffd5c0543f0a98b8ea2321ff58519d541720646692a03844a2cd8e860ebcb93846be1e062926414dc343333196bfd8806fab26f637e8db8adbb9e
  languageName: node
  linkType: hard

"@changesets/assemble-release-plan@npm:^6.0.9":
  version: 6.0.9
  resolution: "@changesets/assemble-release-plan@npm:6.0.9"
  dependencies:
    "@changesets/errors": "npm:^0.2.0"
    "@changesets/get-dependents-graph": "npm:^2.1.3"
    "@changesets/should-skip-package": "npm:^0.1.2"
    "@changesets/types": "npm:^6.1.0"
    "@manypkg/get-packages": "npm:^1.1.3"
    semver: "npm:^7.5.3"
  checksum: f84656eabb700ed77f97751b282e1701636ed45a44b443abd9af0291870495cc046fee301478010f39a1dc455799065ae007b9d7d2bb5ae8b793b65bbb8e052a
  languageName: node
  linkType: hard

"@changesets/changelog-git@npm:^0.2.1":
  version: 0.2.1
  resolution: "@changesets/changelog-git@npm:0.2.1"
  dependencies:
    "@changesets/types": "npm:^6.1.0"
  checksum: c22f3c0baf50c102a6890046351ee42f65ff6d58747ba4f75e5e40da1ed5fbcfd0dc2d11cdfb86acbb3262e58acb93f096c798827cac570c1e22e8f32f58a30f
  languageName: node
  linkType: hard

"@changesets/changelog-github@npm:^0.5.2":
  version: 0.5.2
  resolution: "@changesets/changelog-github@npm:0.5.2"
  dependencies:
    "@changesets/get-github-info": ^0.7.0
    "@changesets/types": ^6.1.0
    dotenv: ^8.1.0
  checksum: 8/94692af0978fbb8f2d15f9095cf65170fc26225892a46fb47ee5227fdf2a78011ab083871d2242f59438f3a495c6196d0534176879a23ce074a99f8478bac557
  languageName: node
  linkType: hard

"@changesets/cli@npm:^2.29.7":
  version: 2.29.7
  resolution: "@changesets/cli@npm:2.29.7"
  dependencies:
    "@changesets/apply-release-plan": "npm:^7.0.13"
    "@changesets/assemble-release-plan": "npm:^6.0.9"
    "@changesets/changelog-git": "npm:^0.2.1"
    "@changesets/config": "npm:^3.1.1"
    "@changesets/errors": "npm:^0.2.0"
    "@changesets/get-dependents-graph": "npm:^2.1.3"
    "@changesets/get-release-plan": "npm:^4.0.13"
    "@changesets/git": "npm:^3.0.4"
    "@changesets/logger": "npm:^0.1.1"
    "@changesets/pre": "npm:^2.0.2"
    "@changesets/read": "npm:^0.6.5"
    "@changesets/should-skip-package": "npm:^0.1.2"
    "@changesets/types": "npm:^6.1.0"
    "@changesets/write": "npm:^0.4.0"
    "@inquirer/external-editor": "npm:^1.0.0"
    "@manypkg/get-packages": "npm:^1.1.3"
    ansi-colors: "npm:^4.1.3"
    ci-info: "npm:^3.7.0"
    enquirer: "npm:^2.4.1"
    fs-extra: "npm:^7.0.1"
    mri: "npm:^1.2.0"
    p-limit: "npm:^2.2.0"
    package-manager-detector: "npm:^0.2.0"
    picocolors: "npm:^1.1.0"
    resolve-from: "npm:^5.0.0"
    semver: "npm:^7.5.3"
    spawndamnit: "npm:^3.0.1"
    term-size: "npm:^2.1.0"
  bin:
    changeset: bin.js
  checksum: e44ee8e9a09ffc990707ec272b03f5724890e6d8833815b80265a9e62f2784ee3fa76c858469fa95c53e1dabd9a0500a6c36b1343211fc0a38902d8fd1b1fce5
  languageName: node
  linkType: hard

"@changesets/config@npm:^3.1.1":
  version: 3.1.1
  resolution: "@changesets/config@npm:3.1.1"
  dependencies:
    "@changesets/errors": "npm:^0.2.0"
    "@changesets/get-dependents-graph": "npm:^2.1.3"
    "@changesets/logger": "npm:^0.1.1"
    "@changesets/types": "npm:^6.1.0"
    "@manypkg/get-packages": "npm:^1.1.3"
    fs-extra: "npm:^7.0.1"
    micromatch: "npm:^4.0.8"
  checksum: 9500e02b68801f052478b3e10523bd3a39b9e5e989e718832832537c9da965580f496262c2bc3f6e23a4e6fb4303f730a69dcbf2041f68d2fa7bd03dd1f82db0
  languageName: node
  linkType: hard

"@changesets/errors@npm:^0.2.0":
  version: 0.2.0
  resolution: "@changesets/errors@npm:0.2.0"
  dependencies:
    extendable-error: "npm:^0.1.5"
  checksum: 4b79373f92287af4f723e8dbbccaf0299aa8735fc043243d0ad587f04a7614615ea50180be575d4438b9f00aa82d1cf85e902b77a55bdd3e0a8dd97e77b18c60
  languageName: node
  linkType: hard

"@changesets/get-dependents-graph@npm:^2.1.3":
  version: 2.1.3
  resolution: "@changesets/get-dependents-graph@npm:2.1.3"
  dependencies:
    "@changesets/types": "npm:^6.1.0"
    "@manypkg/get-packages": "npm:^1.1.3"
    picocolors: "npm:^1.1.0"
    semver: "npm:^7.5.3"
  checksum: 33f2bb5dc88443b68fd796fd3b019a553fb3e21cb957a8a117db2a6770ad81f7c156ebdc3b12cfa75169de918f11271a71f61034aec48a53bf1a936d6d783e3d
  languageName: node
  linkType: hard

"@changesets/get-github-info@npm:^0.7.0":
  version: 0.7.0
  resolution: "@changesets/get-github-info@npm:0.7.0"
  dependencies:
    dataloader: ^1.4.0
    node-fetch: ^2.5.0
  checksum: 8/7c4f37851262fcbb59475381a843f02945f55395503ff7b86b58bab2f5fd78e3234f3ee0c89648e0391d01b1c683e383fb74b73bd53f6501692c06c2bb74517c
  languageName: node
  linkType: hard

"@changesets/get-release-plan@npm:^4.0.13":
  version: 4.0.13
  resolution: "@changesets/get-release-plan@npm:4.0.13"
  dependencies:
    "@changesets/assemble-release-plan": "npm:^6.0.9"
    "@changesets/config": "npm:^3.1.1"
    "@changesets/pre": "npm:^2.0.2"
    "@changesets/read": "npm:^0.6.5"
    "@changesets/types": "npm:^6.1.0"
    "@manypkg/get-packages": "npm:^1.1.3"
  checksum: 9983fae5a68012c4c418ddd62f2fb3d325363f21160252ff7b868503a1a2effb8fdd32e4a0289b72653afc3605ce19d163ff69205c942a0004efb571a5f78fd0
  languageName: node
  linkType: hard

"@changesets/get-version-range-type@npm:^0.4.0":
  version: 0.4.0
  resolution: "@changesets/get-version-range-type@npm:0.4.0"
  checksum: 9868e99b31af652d3fa08fc33d55b9636f2feed1f4efdb318a6dbb4bb061281868de089b93041ce7f2775ab9cf454b92b1199767d0f4f228d8bbc483e61d2fd8
  languageName: node
  linkType: hard

"@changesets/git@npm:^3.0.4":
  version: 3.0.4
  resolution: "@changesets/git@npm:3.0.4"
  dependencies:
    "@changesets/errors": "npm:^0.2.0"
    "@manypkg/get-packages": "npm:^1.1.3"
    is-subdir: "npm:^1.1.1"
    micromatch: "npm:^4.0.8"
    spawndamnit: "npm:^3.0.1"
  checksum: 4f5a1f3354ec39d530df78b198eaaf2a8ef6cca873dd18efb8706aae09cab04e0d985abd236288644fac5d10cc5cb6ba2538c3e0be023c4d80790ff841f39fa6
  languageName: node
  linkType: hard

"@changesets/logger@npm:^0.1.1":
  version: 0.1.1
  resolution: "@changesets/logger@npm:0.1.1"
  dependencies:
    picocolors: "npm:^1.1.0"
  checksum: bbfc050ddd0afdaa95bb790e81894b7548a2def059deeaed1685e22c10ede245ec2264df42bb2200cc0c8bd040e427bcd68a7afcca2633dc263a28e923d7c175
  languageName: node
  linkType: hard

"@changesets/parse@npm:^0.4.1":
  version: 0.4.1
  resolution: "@changesets/parse@npm:0.4.1"
  dependencies:
    "@changesets/types": "npm:^6.1.0"
    js-yaml: "npm:^3.13.1"
  checksum: 2973ab8f38592a80efea589e148e5bdfd6ed3af86aa9206f941b5b3955f68464bf70a5965349f642667c708ebae60e4266be538328cd27075cace3f7cc1022e3
  languageName: node
  linkType: hard

"@changesets/pre@npm:^2.0.2":
  version: 2.0.2
  resolution: "@changesets/pre@npm:2.0.2"
  dependencies:
    "@changesets/errors": "npm:^0.2.0"
    "@changesets/types": "npm:^6.1.0"
    "@manypkg/get-packages": "npm:^1.1.3"
    fs-extra: "npm:^7.0.1"
  checksum: daaedd2747492ced61f107d38f90e535607bcb073b10ffac3d9e3bcad1a4cc082370884224fc6785af2d92d37f6b0a3bf853f9759b8fda294878d00d24344415
  languageName: node
  linkType: hard

"@changesets/read@npm:^0.6.5":
  version: 0.6.5
  resolution: "@changesets/read@npm:0.6.5"
  dependencies:
    "@changesets/git": "npm:^3.0.4"
    "@changesets/logger": "npm:^0.1.1"
    "@changesets/parse": "npm:^0.4.1"
    "@changesets/types": "npm:^6.1.0"
    fs-extra: "npm:^7.0.1"
    p-filter: "npm:^2.1.0"
    picocolors: "npm:^1.1.0"
  checksum: fec0ac28801e0560fae0eb1d21250dd2a48aaff67bddd1b446a960afd761690d5873dca6eff369d43763bec61f1023d38a38876d5824e316e6de622dc52a24f3
  languageName: node
  linkType: hard

"@changesets/should-skip-package@npm:^0.1.2":
  version: 0.1.2
  resolution: "@changesets/should-skip-package@npm:0.1.2"
  dependencies:
    "@changesets/types": "npm:^6.1.0"
    "@manypkg/get-packages": "npm:^1.1.3"
  checksum: d09fcf1200ee201f0dd5b8049d90e8b5e0cfd34cc94f5c661c4cdab182a8263628733f9bc5886550a92f6f7857339d79fc77f12ffd53559b029a2bf9a2fa7ace
  languageName: node
  linkType: hard

"@changesets/types@npm:^4.0.1":
  version: 4.1.0
  resolution: "@changesets/types@npm:4.1.0"
  checksum: 4d7c65a447400ac474b2dc2d79bc1a5341c305fbce4a648ef59d9939bc1bbbbd6852684c417a9a4ef0226468b9cb522b9ac2b5393f21fa5f20f1b12bee94eab5
  languageName: node
  linkType: hard

"@changesets/types@npm:^6.1.0":
  version: 6.1.0
  resolution: "@changesets/types@npm:6.1.0"
  checksum: 2dcd00712cb85d0c53afdd8d0e856b4bf9c0ce8dc36c838c918d44799aacd9ba8659b9ff610ff92b94fc03c8fd2b52c5b05418fcf8a1bd138cd9182414ede373
  languageName: node
  linkType: hard

"@changesets/write@npm:^0.4.0":
  version: 0.4.0
  resolution: "@changesets/write@npm:0.4.0"
  dependencies:
    "@changesets/types": "npm:^6.1.0"
    fs-extra: "npm:^7.0.1"
    human-id: "npm:^4.1.1"
    prettier: "npm:^2.7.1"
  checksum: bcea8431a09e282bdf66adbd8411d5d3cc19b4a2df519a42586c912b23a7b3ef18d1d0765e2d1a27ff175e2dfc9ef4c2df95cfa920dd4dd2972aaaf662afc6b9
  languageName: node
  linkType: hard

"@inquirer/external-editor@npm:^1.0.0":
  version: 1.0.2
  resolution: "@inquirer/external-editor@npm:1.0.2"
  dependencies:
    chardet: "npm:^2.1.0"
    iconv-lite: "npm:^0.7.0"
  peerDependencies:
    "@types/node": ">=18"
  peerDependenciesMeta:
    "@types/node":
      optional: true
  checksum: d0c5c73249b8153f4cf872c4fba01c57a7653142a4cad496f17ed03ef3769330a4b3c519b68d70af69d4bb33003d2599b66b2242be85411c0b027ff383619666
  languageName: node
  linkType: hard

"@manypkg/find-root@npm:^1.1.0":
  version: 1.1.0
  resolution: "@manypkg/find-root@npm:1.1.0"
  dependencies:
    "@babel/runtime": "npm:^7.5.5"
    "@types/node": "npm:^12.7.1"
    find-up: "npm:^4.1.0"
    fs-extra: "npm:^8.1.0"
  checksum: 31e7dde82612a0e37ebb07876d76b1bf2aedc5b285b5e50d94cdf63edbf1fa3970349b84a5837a3c687e5b643e9a4f4588ae1f4b4ae9d412516d57bf977a08db
  languageName: node
  linkType: hard

"@manypkg/get-packages@npm:^1.1.3":
  version: 1.1.3
  resolution: "@manypkg/get-packages@npm:1.1.3"
  dependencies:
    "@babel/runtime": "npm:^7.5.5"
    "@changesets/types": "npm:^4.0.1"
    "@manypkg/find-root": "npm:^1.1.0"
    fs-extra: "npm:^8.1.0"
    globby: "npm:^11.0.0"
    read-yaml-file: "npm:^1.1.0"
  checksum: 4912e002199ff3974ec48586376a04c5f1815a4faa5f4d36b0698838eec143c9d4e3d42c41e0de009f48a1e2251802ed63c1311ab44de225b50102f85919a248
  languageName: node
  linkType: hard

"@nodelib/fs.scandir@npm:2.1.5":
  version: 2.1.5
  resolution: "@nodelib/fs.scandir@npm:2.1.5"
  dependencies:
    "@nodelib/fs.stat": "npm:2.0.5"
    run-parallel: "npm:^1.1.9"
  checksum: 6ab2a9b8a1d67b067922c36f259e3b3dfd6b97b219c540877a4944549a4d49ea5ceba5663905ab5289682f1f3c15ff441d02f0447f620a42e1cb5e1937174d4b
  languageName: node
  linkType: hard

"@nodelib/fs.stat@npm:2.0.5, @nodelib/fs.stat@npm:^2.0.2":
  version: 2.0.5
  resolution: "@nodelib/fs.stat@npm:2.0.5"
  checksum: 012480b5ca9d97bff9261571dbbec7bbc6033f69cc92908bc1ecfad0792361a5a1994bc48674b9ef76419d056a03efadfce5a6cf6dbc0a36559571a7a483f6f0
  languageName: node
  linkType: hard

"@nodelib/fs.walk@npm:^1.2.3":
  version: 1.2.8
  resolution: "@nodelib/fs.walk@npm:1.2.8"
  dependencies:
    "@nodelib/fs.scandir": "npm:2.1.5"
    fastq: "npm:^1.6.0"
  checksum: 40033e33e96e97d77fba5a238e4bba4487b8284678906a9f616b5579ddaf868a18874c0054a75402c9fbaaa033a25ceae093af58c9c30278e35c23c9479e79b0
  languageName: node
  linkType: hard

"@simple-git/repo@workspace:.":
  version: 0.0.0-use.local
  resolution: "@simple-git/repo@workspace:."
  dependencies:
    "@biomejs/biome": ^2.1.4
    "@changesets/changelog-github": ^0.5.2
    "@changesets/cli": ^2.29.7
  languageName: unknown
  linkType: soft

"@types/node@npm:^12.7.1":
  version: 12.20.55
  resolution: "@types/node@npm:12.20.55"
  checksum: 1f916a06fff02faadb09a16ed6e31820ce170798b202ef0b14fc244bfbd721938c54a3a99836e185e4414ca461fe96c5bb5c67c3d248f153555b7e6347f061dd
  languageName: node
  linkType: hard

"ansi-colors@npm:^4.1.1, ansi-colors@npm:^4.1.3":
  version: 4.1.3
  resolution: "ansi-colors@npm:4.1.3"
  checksum: 43d6e2fc7b1c6e4dc373de708ee76311ec2e0433e7e8bd3194e7ff123ea6a747428fc61afdcf5969da5be3a5f0fd054602bec56fc0ebe249ce2fcde6e649e3c2
  languageName: node
  linkType: hard

"ansi-regex@npm:^5.0.1":
  version: 5.0.1
  resolution: "ansi-regex@npm:5.0.1"
  checksum: 2aa4bb54caf2d622f1afdad09441695af2a83aa3fe8b8afa581d205e57ed4261c183c4d3877cee25794443fde5876417d859c108078ab788d6af7e4fe52eb66b
  languageName: node
  linkType: hard

"argparse@npm:^1.0.7":
  version: 1.0.10
  resolution: "argparse@npm:1.0.10"
  dependencies:
    sprintf-js: "npm:~1.0.2"
  checksum: c6a621343a553ff3779390bb5ee9c2263d6643ebcd7843227bdde6cc7adbed796eb5540ca98db19e3fd7b4714e1faa51551f8849b268bb62df27ddb15cbcd91e
  languageName: node
  linkType: hard

"array-union@npm:^2.1.0":
  version: 2.1.0
  resolution: "array-union@npm:2.1.0"
  checksum: 5bee12395cba82da674931df6d0fea23c4aa4660cb3b338ced9f828782a65caa232573e6bf3968f23e0c5eb301764a382cef2f128b170a9dc59de0e36c39f98d
  languageName: node
  linkType: hard

"better-path-resolve@npm:1.0.0":
  version: 1.0.0
  resolution: "better-path-resolve@npm:1.0.0"
  dependencies:
    is-windows: "npm:^1.0.0"
  checksum: 5392dbe04e7fe68b944eb37961d9dfa147aaac3ee9ee3f6e13d42e2c9fbe949e68d16e896c14ee9016fa5f8e6e53ec7fd8b5f01b50a32067a7d94ac9cfb9a050
  languageName: node
  linkType: hard

"braces@npm:^3.0.3":
  version: 3.0.3
  resolution: "braces@npm:3.0.3"
  dependencies:
    fill-range: "npm:^7.1.1"
  checksum: fad11a0d4697a27162840b02b1fad249c1683cbc510cd5bf1a471f2f8085c046d41094308c577a50a03a579dd99d5a6b3724c4b5e8b14df2c4443844cfcda2c6
  languageName: node
  linkType: hard

"chardet@npm:^2.1.0":
  version: 2.1.0
  resolution: "chardet@npm:2.1.0"
  checksum: 8085fd8e5b1234fafacb279b4dab84dc127f512f953441daf09fc71ade70106af0dff28e86bfda00bab0de61fb475fa9003c87f82cbad3da02a4f299bfd427da
  languageName: node
  linkType: hard

"ci-info@npm:^3.7.0":
  version: 3.9.0
  resolution: "ci-info@npm:3.9.0"
  checksum: 75bc67902b4d1c7b435497adeb91598f6d52a3389398e44294f6601b20cfef32cf2176f7be0eb961d9e085bb333a8a5cae121cb22f81cf238ae7f58eb80e9397
  languageName: node
  linkType: hard

"cross-spawn@npm:^7.0.5":
  version: 7.0.6
  resolution: "cross-spawn@npm:7.0.6"
  dependencies:
    path-key: "npm:^3.1.0"
    shebang-command: "npm:^2.0.0"
    which: "npm:^2.0.1"
  checksum: 0d52657d7ae36eb130999dffff1168ec348687b48dd38e2ff59992ed916c88d328cf1d07ff4a4a10bc78de5e1c23f04b306d569e42f7a2293915c081e4dfee86
  languageName: node
  linkType: hard

"dataloader@npm:^1.4.0":
  version: 1.4.0
  resolution: "dataloader@npm:1.4.0"
  checksum: 8dc2181f7fc243f657aa97b5aa51b9e0da88dee9a59a689bab50d4bac826c27ae0457db8d9a5d59559d636f6b997f419303ccfde595cc26191f37ab9c792fe01
  languageName: node
  linkType: hard

"detect-indent@npm:^6.0.0":
  version: 6.1.0
  resolution: "detect-indent@npm:6.1.0"
  checksum: ab953a73c72dbd4e8fc68e4ed4bfd92c97eb6c43734af3900add963fd3a9316f3bc0578b018b24198d4c31a358571eff5f0656e81a1f3b9ad5c547d58b2d093d
  languageName: node
  linkType: hard

"dir-glob@npm:^3.0.1":
  version: 3.0.1
  resolution: "dir-glob@npm:3.0.1"
  dependencies:
    path-type: "npm:^4.0.0"
  checksum: fa05e18324510d7283f55862f3161c6759a3f2f8dbce491a2fc14c8324c498286c54282c1f0e933cb930da8419b30679389499b919122952a4f8592362ef4615
  languageName: node
  linkType: hard

"dotenv@npm:^8.1.0":
  version: 8.6.0
  resolution: "dotenv@npm:8.6.0"
  checksum: 31d7b5c010cebb80046ba6853d703f9573369b00b15129536494f04b0af4ea0060ce8646e3af58b455af2f6f1237879dd261a5831656410ec92561ae1ea44508
  languageName: node
  linkType: hard

"enquirer@npm:^2.4.1":
  version: 2.4.1
  resolution: "enquirer@npm:2.4.1"
  dependencies:
    ansi-colors: "npm:^4.1.1"
    strip-ansi: "npm:^6.0.1"
  checksum: b3726486cd98f0d458a851a03326a2a5dd4d84f37ff94ff2a2960c915e0fc865865da3b78f0877dc36ac5c1189069eca603e82ec63d5bc6b0dd9985bf6426d7a
  languageName: node
  linkType: hard

"esprima@npm:^4.0.0":
  version: 4.0.1
  resolution: "esprima@npm:4.0.1"
  bin:
    esparse: ./bin/esparse.js
    esvalidate: ./bin/esvalidate.js
  checksum: f1d3c622ad992421362294f7acf866aa9409fbad4eb2e8fa230bd33944ce371d32279667b242d8b8907ec2b6ad7353a717f3c0e60e748873a34a7905174bc0eb
  languageName: node
  linkType: hard

"extendable-error@npm:^0.1.5":
  version: 0.1.7
  resolution: "extendable-error@npm:0.1.7"
  checksum: 80478be7429a1675d2085f701239796bab3230ed6f2fb1b138fbabec24bea6516b7c5ceb6e9c209efcc9c089948d93715703845653535f8e8a49655066a9255e
  languageName: node
  linkType: hard

"fast-glob@npm:^3.2.9":
  version: 3.3.2
  resolution: "fast-glob@npm:3.3.2"
  dependencies:
    "@nodelib/fs.stat": "npm:^2.0.2"
    "@nodelib/fs.walk": "npm:^1.2.3"
    glob-parent: "npm:^5.1.2"
    merge2: "npm:^1.3.0"
    micromatch: "npm:^4.0.4"
  checksum: 222512e9315a0efca1276af9adb2127f02105d7288fa746145bf45e2716383fb79eb983c89601a72a399a56b7c18d38ce70457c5466218c5f13fad957cee16df
  languageName: node
  linkType: hard

"fastq@npm:^1.6.0":
  version: 1.17.0
  resolution: "fastq@npm:1.17.0"
  dependencies:
    reusify: "npm:^1.0.4"
  checksum: f81e9fdb1395806f49f0caa30a06978d4949fd723709e1b564c7d0f8e6d0c7681d7c632540d56e81bc22321f7f51160b47c9bc5814c058102a65dd345b5d9f0a
  languageName: node
  linkType: hard

"fill-range@npm:^7.1.1":
  version: 7.1.1
  resolution: "fill-range@npm:7.1.1"
  dependencies:
    to-regex-range: "npm:^5.0.1"
  checksum: a7095cb39e5bc32fada2aa7c7249d3f6b01bd1ce461a61b0adabacccabd9198500c6fb1f68a7c851a657e273fce2233ba869638897f3d7ed2e87a2d89b4436ea
  languageName: node
  linkType: hard

"find-up@npm:^4.1.0":
  version: 4.1.0
  resolution: "find-up@npm:4.1.0"
  dependencies:
    locate-path: "npm:^5.0.0"
    path-exists: "npm:^4.0.0"
  checksum: 4c172680e8f8c1f78839486e14a43ef82e9decd0e74145f40707cc42e7420506d5ec92d9a11c22bd2c48fb0c384ea05dd30e10dd152fefeec6f2f75282a8b844
  languageName: node
  linkType: hard

"fs-extra@npm:^7.0.1":
  version: 7.0.1
  resolution: "fs-extra@npm:7.0.1"
  dependencies:
    graceful-fs: "npm:^4.1.2"
    jsonfile: "npm:^4.0.0"
    universalify: "npm:^0.1.0"
  checksum: 3fc6e56ba2f07c00d452163f27f21a7076b72ef7da8a50fef004336d59ef4c34deda11d10ecd73fd8fbcf20e4f575f52857293090b3c9f8741d4e0598be30fea
  languageName: node
  linkType: hard

"fs-extra@npm:^8.1.0":
  version: 8.1.0
  resolution: "fs-extra@npm:8.1.0"
  dependencies:
    graceful-fs: "npm:^4.2.0"
    jsonfile: "npm:^4.0.0"
    universalify: "npm:^0.1.0"
  checksum: 6fb12449f5349be724a138b4a7b45fe6a317d2972054517f5971959c26fbd17c0e145731a11c7324460262baa33e0a799b183ceace98f7a372c95fbb6f20f5de
  languageName: node
  linkType: hard

"glob-parent@npm:^5.1.2":
  version: 5.1.2
  resolution: "glob-parent@npm:5.1.2"
  dependencies:
    is-glob: "npm:^4.0.1"
  checksum: 32cd106ce8c0d83731966d31517adb766d02c3812de49c30cfe0675c7c0ae6630c11214c54a5ae67aca882cf738d27fd7768f21aa19118b9245950554be07247
  languageName: node
  linkType: hard

"globby@npm:^11.0.0":
  version: 11.1.0
  resolution: "globby@npm:11.1.0"
  dependencies:
    array-union: "npm:^2.1.0"
    dir-glob: "npm:^3.0.1"
    fast-glob: "npm:^3.2.9"
    ignore: "npm:^5.2.0"
    merge2: "npm:^1.4.1"
    slash: "npm:^3.0.0"
  checksum: 288e95e310227bbe037076ea81b7c2598ccbc3122d87abc6dab39e1eec309aa14f0e366a98cdc45237ffcfcbad3db597778c0068217dcb1950fef6249104e1b1
  languageName: node
  linkType: hard

"graceful-fs@npm:^4.1.2, graceful-fs@npm:^4.1.5, graceful-fs@npm:^4.1.6, graceful-fs@npm:^4.2.0":
  version: 4.2.11
  resolution: "graceful-fs@npm:4.2.11"
  checksum: bf152d0ed1dc159239db1ba1f74fdbc40cb02f626770dcd5815c427ce0688c2635a06ed69af364396da4636d0408fcf7d4afdf7881724c3307e46aff30ca49e2
  languageName: node
  linkType: hard

"human-id@npm:^4.1.1":
  version: 4.1.1
  resolution: "human-id@npm:4.1.1"
  bin:
    human-id: dist/cli.js
  checksum: 84fef1edd470fc155a34161107beed8baf77bafd20bf515c3fadfbce3690ecc9aa0bacf3fcf4cf9add3c274772ead3ef64aa6531374538ffebe8129fccfb0015
  languageName: node
  linkType: hard

"iconv-lite@npm:^0.7.0":
  version: 0.7.0
  resolution: "iconv-lite@npm:0.7.0"
  dependencies:
    safer-buffer: "npm:>= 2.1.2 < 3.0.0"
  checksum: 5bfc897fedfb7e29991ae5ef1c061ed4f864005f8c6d61ef34aba6a3885c04bd207b278c0642b041383aeac2d11645b4319d0ca7b863b0be4be0cde1c9238ca7
  languageName: node
  linkType: hard

"ignore@npm:^5.2.0":
  version: 5.3.1
  resolution: "ignore@npm:5.3.1"
  checksum: 0a884c2fbc8c316f0b9f92beaf84464253b73230a4d4d286697be45fca081199191ca33e1c2e82d9e5f851f5e9a48a78e25a35c951e7eb41e59f150db3530065
  languageName: node
  linkType: hard

"is-extglob@npm:^2.1.1":
  version: 2.1.1
  resolution: "is-extglob@npm:2.1.1"
  checksum: df033653d06d0eb567461e58a7a8c9f940bd8c22274b94bf7671ab36df5719791aae15eef6d83bbb5e23283967f2f984b8914559d4449efda578c775c4be6f85
  languageName: node
  linkType: hard

"is-glob@npm:^4.0.1":
  version: 4.0.3
  resolution: "is-glob@npm:4.0.3"
  dependencies:
    is-extglob: "npm:^2.1.1"
  checksum: 3ed74f2b0cdf4f401f38edb0442ddfde3092d79d7d35c9919c86641efdbcbb32e45aa3c0f70ce5eecc946896cd5a0f26e4188b9f2b881876f7cb6c505b82da11
  languageName: node
  linkType: hard

"is-number@npm:^7.0.0":
  version: 7.0.0
  resolution: "is-number@npm:7.0.0"
  checksum: 6a6c3383f68afa1e05b286af866017c78f1226d43ac8cb064e115ff9ed85eb33f5c4f7216c96a71e4dfea289ef52c5da3aef5bbfade8ffe47a0465d70c0c8e86
  languageName: node
  linkType: hard

"is-subdir@npm:^1.1.1":
  version: 1.2.0
  resolution: "is-subdir@npm:1.2.0"
  dependencies:
    better-path-resolve: "npm:1.0.0"
  checksum: 31029a383972bff4cc4f1bd1463fd04dde017e0a04ae3a6f6e08124a90c6c4656312d593101b0f38805fa3f3c8f6bc4583524bbf72c50784fa5ca0d3e5a76279
  languageName: node
  linkType: hard

"is-windows@npm:^1.0.0":
  version: 1.0.2
  resolution: "is-windows@npm:1.0.2"
  checksum: 438b7e52656fe3b9b293b180defb4e448088e7023a523ec21a91a80b9ff8cdb3377ddb5b6e60f7c7de4fa8b63ab56e121b6705fe081b3cf1b828b0a380009ad7
  languageName: node
  linkType: hard

"isexe@npm:^2.0.0":
  version: 2.0.0
  resolution: "isexe@npm:2.0.0"
  checksum: 7c9f715c03aff08f35e98b1fadae1b9267b38f0615d501824f9743f3aab99ef10e303ce7db3f186763a0b70a19de5791ebfc854ff884d5a8c4d92211f642ec92
  languageName: node
  linkType: hard

"js-yaml@npm:^3.13.1, js-yaml@npm:^3.6.1":
  version: 3.14.1
  resolution: "js-yaml@npm:3.14.1"
  dependencies:
    argparse: "npm:^1.0.7"
    esprima: "npm:^4.0.0"
  bin:
    js-yaml: bin/js-yaml.js
  checksum: 9e22d80b4d0105b9899135365f746d47466ed53ef4223c529b3c0f7a39907743fdbd3c4379f94f1106f02755b5e90b2faaf84801a891135544e1ea475d1a1379
  languageName: node
  linkType: hard

"jsonfile@npm:^4.0.0":
  version: 4.0.0
  resolution: "jsonfile@npm:4.0.0"
  dependencies:
    graceful-fs: "npm:^4.1.6"
  dependenciesMeta:
    graceful-fs:
      optional: true
  checksum: 17796f0ab1be8479827d3683433f97ebe0a1c6932c3360fa40348eac36904d69269aab26f8b16da311882d94b42e9208e8b28e490bf926364f3ac9bff134c226
  languageName: node
  linkType: hard

"locate-path@npm:^5.0.0":
  version: 5.0.0
  resolution: "locate-path@npm:5.0.0"
  dependencies:
    p-locate: "npm:^4.1.0"
  checksum: 83e51725e67517287d73e1ded92b28602e3ae5580b301fe54bfb76c0c723e3f285b19252e375712316774cf52006cb236aed5704692c32db0d5d089b69696e30
  languageName: node
  linkType: hard

"lodash.startcase@npm:^4.4.0":
  version: 4.4.0
  resolution: "lodash.startcase@npm:4.4.0"
  checksum: 3091048a54a2f92bcf2c6441d2bd9a706fb133d5f461ae7c310d6dca1530338a06c91e9e42a5b14b12e875ddae1814d448050dc02afe2cec09b3995d8e836837
  languageName: node
  linkType: hard

"lru-cache@npm:^6.0.0":
  version: 6.0.0
  resolution: "lru-cache@npm:6.0.0"
  dependencies:
    yallist: "npm:^4.0.0"
  checksum: fc1fe2ee205f7c8855fa0f34c1ab0bcf14b6229e35579ec1fd1079f31d6fc8ef8eb6fd17f2f4d99788d7e339f50e047555551ebd5e434dda503696e7c6591825
  languageName: node
  linkType: hard

"merge2@npm:^1.3.0, merge2@npm:^1.4.1":
  version: 1.4.1
  resolution: "merge2@npm:1.4.1"
  checksum: 7268db63ed5169466540b6fb947aec313200bcf6d40c5ab722c22e242f651994619bcd85601602972d3c85bd2cc45a358a4c61937e9f11a061919a1da569b0c2
  languageName: node
  linkType: hard

"micromatch@npm:^4.0.4, micromatch@npm:^4.0.8":
  version: 4.0.8
  resolution: "micromatch@npm:4.0.8"
  dependencies:
    braces: "npm:^3.0.3"
    picomatch: "npm:^2.3.1"
  checksum: 6bf2a01672e7965eb9941d1f02044fad2bd12486b5553dc1116ff24c09a8723157601dc992e74c911d896175918448762df3b3fd0a6b61037dd1a9766ddfbf58
  languageName: node
  linkType: hard

"mri@npm:^1.2.0":
  version: 1.2.0
  resolution: "mri@npm:1.2.0"
  checksum: 6775a1d2228bb9d191ead4efc220bd6be64f943ad3afd4dcb3b3ac8fc7b87034443f666e38805df38e8d047b29f910c3cc7810da0109af83e42c82c73bd3f6bc
  languageName: node
  linkType: hard

"node-fetch@npm:^2.5.0":
  version: 2.7.0
  resolution: "node-fetch@npm:2.7.0"
  dependencies:
    whatwg-url: "npm:^5.0.0"
  peerDependencies:
    encoding: ^0.1.0
  peerDependenciesMeta:
    encoding:
      optional: true
  checksum: b24f8a3dc937f388192e59bcf9d0857d7b6940a2496f328381641cb616efccc9866e89ec43f2ec956bbd6c3d3ee05524ce77fe7b29ccd34692b3a16f237d6676
  languageName: node
  linkType: hard

"outdent@npm:^0.5.0":
  version: 0.5.0
  resolution: "outdent@npm:0.5.0"
  checksum: 7d94a7d93883afa32c99d84f33248b221f4eeeedbb571921fe0e5cf0bee32e64746c587e9606d98ec22762870c782d21dd4bc3a0edf442d347cb54aa107b198d
  languageName: node
  linkType: hard

"p-filter@npm:^2.1.0":
  version: 2.1.0
  resolution: "p-filter@npm:2.1.0"
  dependencies:
    p-map: "npm:^2.0.0"
  checksum: 76e552ca624ce2233448d68b19eec9de42b695208121998f7e011edce71d1079a83096ee6a2078fb2a59cfa8a5c999f046edf00ebf16a8e780022010b4693234
  languageName: node
  linkType: hard

"p-limit@npm:^2.2.0":
  version: 2.3.0
  resolution: "p-limit@npm:2.3.0"
  dependencies:
    p-try: "npm:^2.0.0"
  checksum: 84ff17f1a38126c3314e91ecfe56aecbf36430940e2873dadaa773ffe072dc23b7af8e46d4b6485d302a11673fe94c6b67ca2cfbb60c989848b02100d0594ac1
  languageName: node
  linkType: hard

"p-locate@npm:^4.1.0":
  version: 4.1.0
  resolution: "p-locate@npm:4.1.0"
  dependencies:
    p-limit: "npm:^2.2.0"
  checksum: 513bd14a455f5da4ebfcb819ef706c54adb09097703de6aeaa5d26fe5ea16df92b48d1ac45e01e3944ce1e6aa2a66f7f8894742b8c9d6e276e16cd2049a2b870
  languageName: node
  linkType: hard

"p-map@npm:^2.0.0":
  version: 2.1.0
  resolution: "p-map@npm:2.1.0"
  checksum: 9e3ad3c9f6d75a5b5661bcad78c91f3a63849189737cd75e4f1225bf9ac205194e5c44aac2ef6f09562b1facdb9bd1425584d7ac375bfaa17b3f1a142dab936d
  languageName: node
  linkType: hard

"p-try@npm:^2.0.0":
  version: 2.2.0
  resolution: "p-try@npm:2.2.0"
  checksum: f8a8e9a7693659383f06aec604ad5ead237c7a261c18048a6e1b5b85a5f8a067e469aa24f5bc009b991ea3b058a87f5065ef4176793a200d4917349881216cae
  languageName: node
  linkType: hard

"package-manager-detector@npm:^0.2.0":
  version: 0.2.9
  resolution: "package-manager-detector@npm:0.2.9"
  checksum: 08f73184bef7740a0a826704bdd7647bf2b30682b142fc1346942fe48360ddb781494c369b339e1a89d78f9247f5c95c814862bcc038e11189be0ca96078aeb5
  languageName: node
  linkType: hard

"path-exists@npm:^4.0.0":
  version: 4.0.0
  resolution: "path-exists@npm:4.0.0"
  checksum: 505807199dfb7c50737b057dd8d351b82c033029ab94cb10a657609e00c1bc53b951cfdbccab8de04c5584d5eff31128ce6afd3db79281874a5ef2adbba55ed1
  languageName: node
  linkType: hard

"path-key@npm:^3.1.0":
  version: 3.1.1
  resolution: "path-key@npm:3.1.1"
  checksum: 55cd7a9dd4b343412a8386a743f9c746ef196e57c823d90ca3ab917f90ab9f13dd0ded27252ba49dbdfcab2b091d998bc446f6220cd3cea65db407502a740020
  languageName: node
  linkType: hard

"path-type@npm:^4.0.0":
  version: 4.0.0
  resolution: "path-type@npm:4.0.0"
  checksum: 5b1e2daa247062061325b8fdbfd1fb56dde0a448fb1455453276ea18c60685bdad23a445dc148cf87bc216be1573357509b7d4060494a6fd768c7efad833ee45
  languageName: node
  linkType: hard

"picocolors@npm:^1.1.0":
  version: 1.1.1
  resolution: "picocolors@npm:1.1.1"
  checksum: e1cf46bf84886c79055fdfa9dcb3e4711ad259949e3565154b004b260cd356c5d54b31a1437ce9782624bf766272fe6b0154f5f0c744fb7af5d454d2b60db045
  languageName: node
  linkType: hard

"picomatch@npm:^2.3.1":
  version: 2.3.1
  resolution: "picomatch@npm:2.3.1"
  checksum: 60c2595003b05e4535394d1da94850f5372c9427ca4413b71210f437f7b2ca091dbd611c45e8b37d10036fa8eade25c1b8951654f9d3973bfa66a2ff4d3b08bc
  languageName: node
  linkType: hard

"pify@npm:^4.0.1":
  version: 4.0.1
  resolution: "pify@npm:4.0.1"
  checksum: 8b97cbf9dc6d4c1320cc238a2db0fc67547f9dc77011729ff353faf34f1936ea1a4d7f3c63b2f4980b253be77bcc72ea1e9e76ee3fd53cce2aafb6a8854d07ec
  languageName: node
  linkType: hard

"prettier@npm:^2.7.1":
  version: 2.8.8
  resolution: "prettier@npm:2.8.8"
  bin:
    prettier: bin-prettier.js
  checksum: 00cdb6ab0281f98306cd1847425c24cbaaa48a5ff03633945ab4c701901b8e96ad558eb0777364ffc312f437af9b5a07d0f45346266e8245beaf6247b9c62b24
  languageName: node
  linkType: hard

"queue-microtask@npm:^1.2.2":
  version: 1.2.3
  resolution: "queue-microtask@npm:1.2.3"
  checksum: 72900df0616e473e824202113c3df6abae59150dfb73ed13273503127235320e9c8ca4aaaaccfd58cf417c6ca92a6e68ee9a5c3182886ae949a768639b388a7b
  languageName: node
  linkType: hard

"read-yaml-file@npm:^1.1.0":
  version: 1.1.0
  resolution: "read-yaml-file@npm:1.1.0"
  dependencies:
    graceful-fs: "npm:^4.1.5"
    js-yaml: "npm:^3.6.1"
    pify: "npm:^4.0.1"
    strip-bom: "npm:^3.0.0"
  checksum: 41ee5f075507ef0403328dd54e225a61c3149f915675ce7fd0fd791ddcce2e6c30a9fe0f76ffa7a465c1c157b9b4ad8ded1dcf47dc3b396103eeb013490bbc2e
  languageName: node
  linkType: hard

"resolve-from@npm:^5.0.0":
  version: 5.0.0
  resolution: "resolve-from@npm:5.0.0"
  checksum: be18a5e4d76dd711778664829841cde690971d02b6cbae277735a09c1c28f407b99ef6ef3cd585a1e6546d4097b28df40ed32c4a287b9699dcf6d7f208495e23
  languageName: node
  linkType: hard

"reusify@npm:^1.0.4":
  version: 1.0.4
  resolution: "reusify@npm:1.0.4"
  checksum: 14222c9e1d3f9ae01480c50d96057228a8524706db79cdeb5a2ce5bb7070dd9f409a6f84a02cbef8cdc80d39aef86f2dd03d155188a1300c599b05437dcd2ffb
  languageName: node
  linkType: hard

"run-parallel@npm:^1.1.9":
  version: 1.2.0
  resolution: "run-parallel@npm:1.2.0"
  dependencies:
    queue-microtask: "npm:^1.2.2"
  checksum: cb4f97ad25a75ebc11a8ef4e33bb962f8af8516bb2001082ceabd8902e15b98f4b84b4f8a9b222e5d57fc3bd1379c483886ed4619367a7680dad65316993021d
  languageName: node
  linkType: hard

"safer-buffer@npm:>= 2.1.2 < 3.0.0":
  version: 2.1.2
  resolution: "safer-buffer@npm:2.1.2"
  checksum: 7eaf7a0cf37cc27b42fb3ef6a9b1df6e93a1c6d98c6c6702b02fe262d5fcbd89db63320793b99b21cb5348097d0a53de81bd5f4e8b86e20cc9412e3f1cfb4e83
  languageName: node
  linkType: hard

"semver@npm:^7.5.3":
  version: 7.5.4
  resolution: "semver@npm:7.5.4"
  dependencies:
    lru-cache: "npm:^6.0.0"
  bin:
    semver: bin/semver.js
  checksum: 985dec0d372370229a262c737063860fabd4a1c730662c1ea3200a2f649117761a42184c96df62a0e885e76fbd5dace41087d6c1ac0351b13c0df5d6bcb1b5ac
  languageName: node
  linkType: hard

"shebang-command@npm:^2.0.0":
  version: 2.0.0
  resolution: "shebang-command@npm:2.0.0"
  dependencies:
    shebang-regex: "npm:^3.0.0"
  checksum: 6b52fe87271c12968f6a054e60f6bde5f0f3d2db483a1e5c3e12d657c488a15474121a1d55cd958f6df026a54374ec38a4a963988c213b7570e1d51575cea7fa
  languageName: node
  linkType: hard

"shebang-regex@npm:^3.0.0":
  version: 3.0.0
  resolution: "shebang-regex@npm:3.0.0"
  checksum: 1a2bcae50de99034fcd92ad4212d8e01eedf52c7ec7830eedcf886622804fe36884278f2be8be0ea5fde3fd1c23911643a4e0f726c8685b61871c8908af01222
  languageName: node
  linkType: hard

"signal-exit@npm:^4.0.1":
  version: 4.1.0
  resolution: "signal-exit@npm:4.1.0"
  checksum: c9fa63bbbd7431066174a48ba2dd9986dfd930c3a8b59de9c29d7b6854ec1c12a80d15310869ea5166d413b99f041bfa3dd80a7947bcd44ea8e6eb3ffeabfa1f
  languageName: node
  linkType: hard

"slash@npm:^3.0.0":
  version: 3.0.0
  resolution: "slash@npm:3.0.0"
  checksum: 94a93fff615f25a999ad4b83c9d5e257a7280c90a32a7cb8b4a87996e4babf322e469c42b7f649fd5796edd8687652f3fb452a86dc97a816f01113183393f11c
  languageName: node
  linkType: hard

"spawndamnit@npm:^3.0.1":
  version: 3.0.1
  resolution: "spawndamnit@npm:3.0.1"
  dependencies:
    cross-spawn: "npm:^7.0.5"
    signal-exit: "npm:^4.0.1"
  checksum: 47d88a7f1e5691e13e435eddc3d34123c2f7746e2853e91bfac5ea7c6e3bb4b1d1995223b25f7a8745871510d92f63ecd3c9fa02aa2896ac0c79fb618eb08bbe
  languageName: node
  linkType: hard

"sprintf-js@npm:~1.0.2":
  version: 1.0.3
  resolution: "sprintf-js@npm:1.0.3"
  checksum: c34828732ab8509c2741e5fd1af6b767c3daf2c642f267788f933a65b1614943c282e74c4284f4fa749c264b18ee016a0d37a3e5b73aee446da46277d3a85daa
  languageName: node
  linkType: hard

"strip-ansi@npm:^6.0.1":
  version: 6.0.1
  resolution: "strip-ansi@npm:6.0.1"
  dependencies:
    ansi-regex: "npm:^5.0.1"
  checksum: ae3b5436d34fadeb6096367626ce987057713c566e1e7768818797e00ac5d62023d0f198c4e681eae9e20701721980b26a64a8f5b91238869592a9c6800719a2
  languageName: node
  linkType: hard

"strip-bom@npm:^3.0.0":
  version: 3.0.0
  resolution: "strip-bom@npm:3.0.0"
  checksum: 8d50ff27b7ebe5ecc78f1fe1e00fcdff7af014e73cf724b46fb81ef889eeb1015fc5184b64e81a2efe002180f3ba431bdd77e300da5c6685d702780fbf0c8d5b
  languageName: node
  linkType: hard

"term-size@npm:^2.1.0":
  version: 2.2.1
  resolution: "term-size@npm:2.2.1"
  checksum: f96aca2d4139c91e3359f5949ffb86f0a58f8c254ab7fe4a64b65126974939c782db6aaa91bf51a56d0344e505e22f9a0186f2f689e23ac9382b54606603c537
  languageName: node
  linkType: hard

"to-regex-range@npm:^5.0.1":
  version: 5.0.1
  resolution: "to-regex-range@npm:5.0.1"
  dependencies:
    is-number: "npm:^7.0.0"
  checksum: 10dda13571e1f5ad37546827e9b6d4252d2e0bc176c24a101252153ef435d83696e2557fe128c4678e4e78f5f01e83711c703eef9814eb12dab028580d45980a
  languageName: node
  linkType: hard

"tr46@npm:~0.0.3":
  version: 0.0.3
  resolution: "tr46@npm:0.0.3"
  checksum: 8f1f5aa6cb232f9e1bdc86f485f916b7aa38caee8a778b378ffec0b70d9307873f253f5cbadbe2955ece2ac5c83d0dc14a77513166ccd0a0c7fe197e21396695
  languageName: node
  linkType: hard

"universalify@npm:^0.1.0":
  version: 0.1.2
  resolution: "universalify@npm:0.1.2"
  checksum: 40cdc60f6e61070fe658ca36016a8f4ec216b29bf04a55dce14e3710cc84c7448538ef4dad3728d0bfe29975ccd7bfb5f414c45e7b78883567fb31b246f02dff
  languageName: node
  linkType: hard

"webidl-conversions@npm:^3.0.0":
  version: 3.0.1
  resolution: "webidl-conversions@npm:3.0.1"
  checksum: b65b9f8d6854572a84a5c69615152b63371395f0c5dcd6729c45789052296df54314db2bc3e977df41705eacb8bc79c247cee139a63fa695192f95816ed528ad
  languageName: node
  linkType: hard

"whatwg-url@npm:^5.0.0":
  version: 5.0.0
  resolution: "whatwg-url@npm:5.0.0"
  dependencies:
    tr46: "npm:~0.0.3"
    webidl-conversions: "npm:^3.0.0"
  checksum: f95adbc1e80820828b45cc671d97da7cd5e4ef9deb426c31bcd5ab00dc7103042291613b3ef3caec0a2335ed09e0d5ed026c940755dbb6d404e2b27f940fdf07
  languageName: node
  linkType: hard

"which@npm:^2.0.1":
  version: 2.0.2
  resolution: "which@npm:2.0.2"
  dependencies:
    isexe: "npm:^2.0.0"
  bin:
    node-which: ./bin/node-which
  checksum: 4782f8a1d6b8fc12c65e968fea49f59752bf6302dc43036c3bf87da718a80710f61a062516e9764c70008b487929a73546125570acea95c5b5dcc8ac3052c70f
  languageName: node
  linkType: hard

"yallist@npm:^4.0.0":
  version: 4.0.0
  resolution: "yallist@npm:4.0.0"
  checksum: 4cb02b42b8a93b5cf50caf5d8e9beb409400a8a4d85e83bb0685c1457e9ac0b7a00819e9f5991ac25ffabb56a78e2f017c1acc010b3a1babfe6de690ba531abd
  languageName: node
  linkType: hard
